
Microsoft Visual Studio Solution File, Format Version 12.00
# Visual Studio 14
VisualStudioVersion = 14.0.25420.1
MinimumVisualStudioVersion = 10.0.40219.1
Project("{FAE04EC0-301F-11D3-BF4B-00C04F79EFBC}") = "SecondCalculator", "SecondCalculator\SecondCalculator.csproj", "{EB67F7D1-F3C3-4670-8CF5-D379BA9BC1DF}"
EndProject
Project("{FAE04EC0-301F-11D3-BF4B-00C04F79EFBC}") = "Fundamental_Library", "Fundamental_Library\Fundamental_Library.csproj", "{F2443BD9-13DB-4BE7-AEB0-53CC2E03A309}"
EndProject
Project("{FAE04EC0-301F-11D3-BF4B-00C04F79EFBC}") = "Logic Library", "Logic Library\Logic Library.csproj", "{1AD064F1-17D1-4E38-B91B-3C8AA418E062}"
EndProject
Global
	GlobalSection(SolutionConfigurationPlatforms) = preSolution
		Debug|Any CPU = Debug|Any CPU
		Release|Any CPU = Release|Any CPU
	EndGlobalSection
	GlobalSection(ProjectConfigurationPlatforms) = postSolution
		{EB67F7D1-F3C3-4670-8CF5-D379BA9BC1DF}.Debug|Any CPU.ActiveCfg = Debug|Any CPU
		{EB67F7D1-F3C3-4670-8CF5-D379BA9BC1DF}.Debug|Any CPU.Build.0 = Debug|Any CPU
		{EB67F7D1-F3C3-4670-8CF5-D379BA9BC1DF}.Release|Any CPU.ActiveCfg = Release|Any CPU
		{EB67F7D1-F3C3-4670-8CF5-D379BA9BC1DF}.Release|Any CPU.Build.0 = Release|Any CPU
		{F2443BD9-13DB-4BE7-AEB0-53CC2E03A309}.Debug|Any CPU.ActiveCfg = Debug|Any CPU
		{F2443BD9-13DB-4BE7-AEB0-53CC2E03A309}.Debug|Any CPU.Build.0 = Debug|Any CPU
		{F2443BD9-13DB-4BE7-AEB0-53CC2E03A309}.Release|Any CPU.ActiveCfg = Release|Any CPU
		{F2443BD9-13DB-4BE7-AEB0-53CC2E03A309}.Release|Any CPU.Build.0 = Release|Any CPU
		{1AD064F1-17D1-4E38-B91B-3C8AA418E062}.Debug|Any CPU.ActiveCfg = Debug|Any CPU
		{1AD064F1-17D1-4E38-B91B-3C8AA418E062}.Debug|Any CPU.Build.0 = Debug|Any CPU
		{1AD064F1-17D1-4E38-B91B-3C8AA418E062}.Release|Any CPU.ActiveCfg = Release|Any CPU
		{1AD064F1-17D1-4E38-B91B-3C8AA418E062}.Release|Any CPU.Build.0 = Release|Any CPU
	EndGlobalSection
	GlobalSection(SolutionProperties) = preSolution
		HideSolutionNode = FALSE
	EndGlobalSection
EndGlobal
